// !$*UTF8*$!
{
	archiveVersion = 1;
	classes = {
	};
	objectVersion = 77;
	objects = {

/* Begin PBXContainerItemProxy section */
		309D29C32CB42202008F9305 /* PBXContainerItemProxy */ = {
			isa = PBXContainerItemProxy;
			containerPortal = 309D29A42CB42200008F9305 /* Project object */;
			proxyType = 1;
			remoteGlobalIDString = 309D29AB2CB42200008F9305;
			remoteInfo = TimerExample;
		};
		309D29CD2CB42202008F9305 /* PBXContainerItemProxy */ = {
			isa = PBXContainerItemProxy;
			containerPortal = 309D29A42CB42200008F9305 /* Project object */;
			proxyType = 1;
			remoteGlobalIDString = 309D29AB2CB42200008F9305;
			remoteInfo = TimerExample;
		};
/* End PBXContainerItemProxy section */

/* Begin PBXFileReference section */
		309D29AC2CB42200008F9305 /* TimerExample.app */ = {isa = PBXFileReference; explicitFileType = wrapper.application; includeInIndex = 0; path = TimerExample.app; sourceTree = BUILT_PRODUCTS_DIR; };
		309D29C22CB42202008F9305 /* TimerExampleTests.xctest */ = {isa = PBXFileReference; explicitFileType = wrapper.cfbundle; includeInIndex = 0; path = TimerExampleTests.xctest; sourceTree = BUILT_PRODUCTS_DIR; };
		309D29CC2CB42202008F9305 /* TimerExampleUITests.xctest */ = {isa = PBXFileReference; explicitFileType = wrapper.cfbundle; includeInIndex = 0; path = TimerExampleUITests.xctest; sourceTree = BUILT_PRODUCTS_DIR; };
/* End PBXFileReference section */

/* Begin PBXFileSystemSynchronizedBuildFileExceptionSet section */
		309D29D42CB42202008F9305 /* Exceptions for "TimerExample" folder in "TimerExample" target */ = {
			isa = PBXFileSystemSynchronizedBuildFileExceptionSet;
			membershipExceptions = (
				Info.plist,
			);
			target = 309D29AB2CB42200008F9305 /* TimerExample */;
		};
/* End PBXFileSystemSynchronizedBuildFileExceptionSet section */

/* Begin PBXFileSystemSynchronizedRootGroup section */
		309D29AE2CB42200008F9305 /* TimerExample */ = {
			isa = PBXFileSystemSynchronizedRootGroup;
			exceptions = (
				309D29D42CB42202008F9305 /* Exceptions for "TimerExample" folder in "TimerExample" target */,
			);
			path = TimerExample;
			sourceTree = "<group>";
		};
		309D29C52CB42202008F9305 /* TimerExampleTests */ = {
			isa = PBXFileSystemSynchronizedRootGroup;
			path = TimerExampleTests;
			sourceTree = "<group>";
		};
		309D29CF2CB42202008F9305 /* TimerExampleUITests */ = {
			isa = PBXFileSystemSynchronizedRootGroup;
			path = TimerExampleUITests;
			sourceTree = "<group>";
		};
/* End PBXFileSystemSynchronizedRootGroup section */

/* Begin PBXFrameworksBuildPhase section */
		309D29A92CB42200008F9305 /* Frameworks */ = {
			isa = PBXFrameworksBuildPhase;
			buildActionMask = 2147483647;
			files = (
			);
			runOnlyForDeploymentPostprocessing = 0;
		};
		309D29BF2CB42202008F9305 /* Frameworks */ = {
			isa = PBXFrameworksBuildPhase;
			buildActionMask = 2147483647;
			files = (
			);
			runOnlyForDeploymentPostprocessing = 0;
		};
		309D29C92CB42202008F9305 /* Frameworks */ = {
			isa = PBXFrameworksBuildPhase;
			buildActionMask = 2147483647;
			files = (
			);
			runOnlyForDeploymentPostprocessing = 0;
		};
/* End PBXFrameworksBuildPhase section */

/* Begin PBXGroup section */
		309D29A32CB42200008F9305 = {
			isa = PBXGroup;
			children = (
				309D29AE2CB42200008F9305 /* TimerExample */,
				309D29C52CB42202008F9305 /* TimerExampleTests */,
				309D29CF2CB42202008F9305 /* TimerExampleUITests */,
				309D29AD2CB42200008F9305 /* Products */,
			);
			sourceTree = "<group>";
		};
		309D29AD2CB42200008F9305 /* Products */ = {
			isa = PBXGroup;
			children = (
				309D29AC2CB42200008F9305 /* TimerExample.app */,
				309D29C22CB42202008F9305 /* TimerExampleTests.xctest */,
				309D29CC2CB42202008F9305 /* TimerExampleUITests.xctest */,
			);
			name = Products;
			sourceTree = "<group>";
		};
/* End PBXGroup section */

/* Begin PBXNativeTarget section */
		309D29AB2CB42200008F9305 /* TimerExample */ = {
			isa = PBXNativeTarget;
			buildConfigurationList = 309D29D52CB42202008F9305 /* Build configuration list for PBXNativeTarget "TimerExample" */;
			buildPhases = (
				309D29A82CB42200008F9305 /* Sources */,
				309D29A92CB42200008F9305 /* Frameworks */,
				309D29AA2CB42200008F9305 /* Resources */,
			);
			buildRules = (
			);
			dependencies = (
			);
			fileSystemSynchronizedGroups = (
				309D29AE2CB42200008F9305 /* TimerExample */,
			);
			name = TimerExample;
			packageProductDependencies = (
			);
			productName = TimerExample;
			productReference = 309D29AC2CB42200008F9305 /* TimerExample.app */;
			productType = "com.apple.product-type.application";
		};
		309D29C12CB42202008F9305 /* TimerExampleTests */ = {
			isa = PBXNativeTarget;
			buildConfigurationList = 309D29DA2CB42202008F9305 /* Build configuration list for PBXNativeTarget "TimerExampleTests" */;
			buildPhases = (
				309D29BE2CB42202008F9305 /* Sources */,
				309D29BF2CB42202008F9305 /* Frameworks */,
				309D29C02CB42202008F9305 /* Resources */,
			);
			buildRules = (
			);
			dependencies = (
				309D29C42CB42202008F9305 /* PBXTargetDependency */,
			);
			fileSystemSynchronizedGroups = (
				309D29C52CB42202008F9305 /* TimerExampleTests */,
			);
			name = TimerExampleTests;
			packageProductDependencies = (
			);
			productName = TimerExampleTests;
			productReference = 309D29C22CB42202008F9305 /* TimerExampleTests.xctest */;
			productType = "com.apple.product-type.bundle.unit-test";
		};
		309D29CB2CB42202008F9305 /* TimerExampleUITests */ = {
			isa = PBXNativeTarget;
			buildConfigurationList = 309D29DD2CB42202008F9305 /* Build configuration list for PBXNativeTarget "TimerExampleUITests" */;
			buildPhases = (
				309D29C82CB42202008F9305 /* Sources */,
				309D29C92CB42202008F9305 /* Frameworks */,
				309D29CA2CB42202008F9305 /* Resources */,
			);
			buildRules = (
			);
			dependencies = (
				309D29CE2CB42202008F9305 /* PBXTargetDependency */,
			);
			fileSystemSynchronizedGroups = (
				309D29CF2CB42202008F9305 /* TimerExampleUITests */,
			);
			name = TimerExampleUITests;
			packageProductDependencies = (
			);
			productName = TimerExampleUITests;
			productReference = 309D29CC2CB42202008F9305 /* TimerExampleUITests.xctest */;
			productType = "com.apple.product-type.bundle.ui-testing";
		};
/* End PBXNativeTarget section */

/* Begin PBXProject section */
		309D29A42CB42200008F9305 /* Project object */ = {
			isa = PBXProject;
			attributes = {
				BuildIndependentTargetsInParallel = 1;
				LastSwiftUpdateCheck = 1600;
				LastUpgradeCheck = 1600;
				TargetAttributes = {
					309D29AB2CB42200008F9305 = {
						CreatedOnToolsVersion = 16.0;
					};
					309D29C12CB42202008F9305 = {
						CreatedOnToolsVersion = 16.0;
						TestTargetID = 309D29AB2CB42200008F9305;
					};
					309D29CB2CB42202008F9305 = {
						CreatedOnToolsVersion = 16.0;
						TestTargetID = 309D29AB2CB42200008F9305;
					};
				};
			};
			buildConfigurationList = 309D29A72CB42200008F9305 /* Build configuration list for PBXProject "TimerExample" */;
			developmentRegion = en;
			hasScannedForEncodings = 0;
			knownRegions = (
				en,
				Base,
			);
			mainGroup = 309D29A32CB42200008F9305;
			minimizedProjectReferenceProxies = 1;
			preferredProjectObjectVersion = 77;
			productRefGroup = 309D29AD2CB42200008F9305 /* Products */;
			projectDirPath = "";
			projectRoot = "";
			targets = (
				309D29AB2CB42200008F9305 /* TimerExample */,
				309D29C12CB42202008F9305 /* TimerExampleTests */,
				309D29CB2CB42202008F9305 /* TimerExampleUITests */,
			);
		};
/* End PBXProject section */

/* Begin PBXResourcesBuildPhase section */
		309D29AA2CB42200008F9305 /* Resources */ = {
			isa = PBXResourcesBuildPhase;
			buildActionMask = 2147483647;
			files = (
			);
			runOnlyForDeploymentPostprocessing = 0;
		};
		309D29C02CB42202008F9305 /* Resources */ = {
			isa = PBXResourcesBuildPhase;
			buildActionMask = 2147483647;
			files = (
			);
			runOnlyForDeploymentPostprocessing = 0;
		};
		309D29CA2CB42202008F9305 /* Resources */ = {
			isa = PBXResourcesBuildPhase;
			buildActionMask = 2147483647;
			files = (
			);
			runOnlyForDeploymentPostprocessing = 0;
		};
/* End PBXResourcesBuildPhase section */

/* Begin PBXSourcesBuildPhase section */
		309D29A82CB42200008F9305 /* Sources */ = {
			isa = PBXSourcesBuildPhase;
			buildActionMask = 2147483647;
			files = (
			);
			runOnlyForDeploymentPostprocessing = 0;
		};
		309D29BE2CB42202008F9305 /* Sources */ = {
			isa = PBXSourcesBuildPhase;
			buildActionMask = 2147483647;
			files = (
			);
			runOnlyForDeploymentPostprocessing = 0;
		};
		309D29C82CB42202008F9305 /* Sources */ = {
			isa = PBXSourcesBuildPhase;
			buildActionMask = 2147483647;
			files = (
			);
			runOnlyForDeploymentPostprocessing = 0;
		};
/* End PBXSourcesBuildPhase section */

/* Begin PBXTargetDependency section */
		309D29C42CB42202008F9305 /* PBXTargetDependency */ = {
			isa = PBXTargetDependency;
			target = 309D29AB2CB42200008F9305 /* TimerExample */;
			targetProxy = 309D29C32CB42202008F9305 /* PBXContainerItemProxy */;
		};
		309D29CE2CB42202008F9305 /* PBXTargetDependency */ = {
			isa = PBXTargetDependency;
			target = 309D29AB2CB42200008F9305 /* TimerExample */;
			targetProxy = 309D29CD2CB42202008F9305 /* PBXContainerItemProxy */;
		};
/* End PBXTargetDependency section */

/* Begin XCBuildConfiguration section */
		309D29D62CB42202008F9305 /* Debug */ = {
			isa = XCBuildConfiguration;
			buildSettings = {
				ASSETCATALOG_COMPILER_APPICON_NAME = AppIcon;
				ASSETCATALOG_COMPILER_GLOBAL_ACCENT_COLOR_NAME = AccentColor;
				CODE_SIGN_STYLE = Automatic;
				CURRENT_PROJECT_VERSION = 1;
				DEVELOPMENT_TEAM = RC4K8UN556;
				GENERATE_INFOPLIST_FILE = YES;
				INFOPLIST_FILE = TimerExample/Info.plist;
				INFOPLIST_KEY_UIApplicationSupportsIndirectInputEvents = YES;
				INFOPLIST_KEY_UILaunchStoryboardName = LaunchScreen;
				INFOPLIST_KEY_UIMainStoryboardFile = Main;
				INFOPLIST_KEY_UISupportedInterfaceOrientations_iPad = "UIInterfaceOrientationPortrait UIInterfaceOrientationPortraitUpsideDown UIInterfaceOrientationLandscapeLeft UIInterfaceOrientationLandscapeRight";
				INFOPLIST_KEY_UISupportedInterfaceOrientations_iPhone = "UIInterfaceOrientationPortrait UIInterfaceOrientationLandscapeLeft UIInterfaceOrientationLandscapeRight";
				LD_RUNPATH_SEARCH_PATHS = (
					"$(inherited)",
					"@executable_path/Frameworks",
				);
				MARKETING_VERSION = 1.0;
				PRODUCT_BUNDLE_IDENTIFIER = com.roman.TimerExample;
				PRODUCT_NAME = "$(TARGET_NAME)";
				SWIFT_EMIT_LOC_STRINGS = YES;
				SWIFT_VERSION = 5.0;
				TARGETED_DEVICE_FAMILY = "1,2";
			};
			name = Debug;
		};
		309D29D72CB42202008F9305 /* Release */ = {
			isa = XCBuildConfiguration;
			buildSettings = {
				ASSETCATALOG_COMPILER_APPICON_NAME = AppIcon;
				ASSETCATALOG_COMPILER_GLOBAL_ACCENT_COLOR_NAME = AccentColor;
				CODE_SIGN_STYLE = Automatic;
				CURRENT_PROJECT_VERSION = 1;
				DEVELOPMENT_TEAM = RC4K8UN556;
				GENERATE_INFOPLIST_FILE = YES;
				INFOPLIST_FILE = TimerExample/Info.plist;
				INFOPLIST_KEY_UIApplicationSupportsIndirectInputEvents = YES;
				INFOPLIST_KEY_UILaunchStoryboardName = LaunchScreen;
				INFOPLIST_KEY_UIMainStoryboardFile = Main;
				INFOPLIST_KEY_UISupportedInterfaceOrientations_iPad = "UIInterfaceOrientationPortrait UIInterfaceOrientationPortraitUpsideDown UIInterfaceOrientationLandscapeLeft UIInterfaceOrientationLandscapeRight";
				INFOPLIST_KEY_UISupportedInterfaceOrientations_iPhone = "UIInterfaceOrientationPortrait UIInterfaceOrientationLandscapeLeft UIInterfaceOrientationLandscapeRight";
				LD_RUNPATH_SEARCH_PATHS = (
					"$(inherited)",
					"@executable_path/Frameworks",
				);
				MARKETING_VERSION = 1.0;
				PRODUCT_BUNDLE_IDENTIFIER = com.roman.TimerExample;
				PRODUCT_NAME = "$(TARGET_NAME)";
				SWIFT_EMIT_LOC_STRINGS = YES;
				SWIFT_VERSION = 5.0;
				TARGETED_DEVICE_FAMILY = "1,2";
			};
			name = Release;
		};
		309D29D82CB42202008F9305 /* Debug */ = {
			isa = XCBuildConfiguration;
			buildSettings = {
				ALWAYS_SEARCH_USER_PATHS = NO;
				ASSETCATALOG_COMPILER_GENERATE_SWIFT_ASSET_SYMBOL_EXTENSIONS = YES;
				CLANG_ANALYZER_NONNULL = YES;
				CLANG_ANALYZER_NUMBER_OBJECT_CONVERSION = YES_AGGRESSIVE;
				CLANG_CXX_LANGUAGE_STANDARD = "gnu++20";
				CLANG_ENABLE_MODULES = YES;
				CLANG_ENABLE_OBJC_ARC = YES;
				CLANG_ENABLE_OBJC_WEAK = YES;
				CLANG_WARN_BLOCK_CAPTURE_AUTORELEASING = YES;
				CLANG_WARN_BOOL_CONVERSION = YES;
				CLANG_WARN_COMMA = YES;
				CLANG_WARN_CONSTANT_CONVERSION = YES;
				CLANG_WARN_DEPRECATED_OBJC_IMPLEMENTATIONS = YES;
				CLANG_WARN_DIRECT_OBJC_ISA_USAGE = YES_ERROR;
				CLANG_WARN_DOCUMENTATION_COMMENTS = YES;
				CLANG_WARN_EMPTY_BODY = YES;
				CLANG_WARN_ENUM_CONVERSION = YES;
				CLANG_WARN_INFINITE_RECURSION = YES;
				CLANG_WARN_INT_CONVERSION = YES;
				CLANG_WARN_NON_LITERAL_NULL_CONVERSION = YES;
				CLANG_WARN_OBJC_IMPLICIT_RETAIN_SELF = YES;
				CLANG_WARN_OBJC_LITERAL_CONVERSION = YES;
				CLANG_WARN_OBJC_ROOT_CLASS = YES_ERROR;
				CLANG_WARN_QUOTED_INCLUDE_IN_FRAMEWORK_HEADER = YES;
				CLANG_WARN_RANGE_LOOP_ANALYSIS = YES;
				CLANG_WARN_STRICT_PROTOTYPES = YES;
				CLANG_WARN_SUSPICIOUS_MOVE = YES;
				CLANG_WARN_UNGUARDED_AVAILABILITY = YES_AGGRESSIVE;
				CLANG_WARN_UNREACHABLE_CODE = YES;
				CLANG_WARN__DUPLICATE_METHOD_MATCH = YES;
				COPY_PHASE_STRIP = NO;
				DEBUG_INFORMATION_FORMAT = dwarf;
				ENABLE_STRICT_OBJC_MSGSEND = YES;
				ENABLE_TESTABILITY = YES;
				ENABLE_USER_SCRIPT_SANDBOXING = YES;
				GCC_C_LANGUAGE_STANDARD = gnu17;
				GCC_DYNAMIC_NO_PIC = NO;
				GCC_NO_COMMON_BLOCKS = YES;
				GCC_OPTIMIZATION_LEVEL = 0;
				GCC_PREPROCESSOR_DEFINITIONS = (
					"DEBUG=1",
					"$(inherited)",
				);
				GCC_WARN_64_TO_32_BIT_CONVERSION = YES;
				GCC_WARN_ABOUT_RETURN_TYPE = YES_ERROR;
				GCC_WARN_UNDECLARED_SELECTOR = YES;
				GCC_WARN_UNINITIALIZED_AUTOS = YES_AGGRESSIVE;
				GCC_WARN_UNUSED_FUNCTION = YES;
				GCC_WARN_UNUSED_VARIABLE = YES;
				IPHONEOS_DEPLOYMENT_TARGET = 18.0;
				LOCALIZATION_PREFERS_STRING_CATALOGS = YES;
				MTL_ENABLE_DEBUG_INFO = INCLUDE_SOURCE;
				MTL_FAST_MATH = YES;
				ONLY_ACTIVE_ARCH = YES;
				SDKROOT = iphoneos;
				SWIFT_ACTIVE_COMPILATION_CONDITIONS = "DEBUG $(inherited)";
				SWIFT_OPTIMIZATION_LEVEL = "-Onone";
			};
			name = Debug;
		};
		309D29D92CB42202008F9305 /* Release */ = {
			isa = XCBuildConfiguration;
			buildSettings = {
				ALWAYS_SEARCH_USER_PATHS = NO;
				ASSETCATALOG_COMPILER_GENERATE_SWIFT_ASSET_SYMBOL_EXTENSIONS = YES;
				CLANG_ANALYZER_NONNULL = YES;
				CLANG_ANALYZER_NUMBER_OBJECT_CONVERSION = YES_AGGRESSIVE;
				CLANG_CXX_LANGUAGE_STANDARD = "gnu++20";
				CLANG_ENABLE_MODULES = YES;
				CLANG_ENABLE_OBJC_ARC = YES;
				CLANG_ENABLE_OBJC_WEAK = YES;
				CLANG_WARN_BLOCK_CAPTURE_AUTORELEASING = YES;
				CLANG_WARN_BOOL_CONVERSION = YES;
				CLANG_WARN_COMMA = YES;
				CLANG_WARN_CONSTANT_CONVERSION = YES;
				CLANG_WARN_DEPRECATED_OBJC_IMPLEMENTATIONS = YES;
				CLANG_WARN_DIRECT_OBJC_ISA_USAGE = YES_ERROR;
				CLANG_WARN_DOCUMENTATION_COMMENTS = YES;
				CLANG_WARN_EMPTY_BODY = YES;
				CLANG_WARN_ENUM_CONVERSION = YES;
				CLANG_WARN_INFINITE_RECURSION = YES;
				CLANG_WARN_INT_CONVERSION = YES;
				CLANG_WARN_NON_LITERAL_NULL_CONVERSION = YES;
				CLANG_WARN_OBJC_IMPLICIT_RETAIN_SELF = YES;
				CLANG_WARN_OBJC_LITERAL_CONVERSION = YES;
				CLANG_WARN_OBJC_ROOT_CLASS = YES_ERROR;
				CLANG_WARN_QUOTED_INCLUDE_IN_FRAMEWORK_HEADER = YES;
				CLANG_WARN_RANGE_LOOP_ANALYSIS = YES;
				CLANG_WARN_STRICT_PROTOTYPES = YES;
				CLANG_WARN_SUSPICIOUS_MOVE = YES;
				CLANG_WARN_UNGUARDED_AVAILABILITY = YES_AGGRESSIVE;
				CLANG_WARN_UNREACHABLE_CODE = YES;
				CLANG_WARN__DUPLICATE_METHOD_MATCH = YES;
				COPY_PHASE_STRIP = NO;
				DEBUG_INFORMATION_FORMAT = "dwarf-with-dsym";
				ENABLE_NS_ASSERTIONS = NO;
				ENABLE_STRICT_OBJC_MSGSEND = YES;
				ENABLE_USER_SCRIPT_SANDBOXING = YES;
				GCC_C_LANGUAGE_STANDARD = gnu17;
				GCC_NO_COMMON_BLOCKS = YES;
				GCC_WARN_64_TO_32_BIT_CONVERSION = YES;
				GCC_WARN_ABOUT_RETURN_TYPE = YES_ERROR;
				GCC_WARN_UNDECLARED_SELECTOR = YES;
				GCC_WARN_UNINITIALIZED_AUTOS = YES_AGGRESSIVE;
				GCC_WARN_UNUSED_FUNCTION = YES;
				GCC_WARN_UNUSED_VARIABLE = YES;
				IPHONEOS_DEPLOYMENT_TARGET = 18.0;
				LOCALIZATION_PREFERS_STRING_CATALOGS = YES;
				MTL_ENABLE_DEBUG_INFO = NO;
				MTL_FAST_MATH = YES;
				SDKROOT = iphoneos;
				SWIFT_COMPILATION_MODE = wholemodule;
				VALIDATE_PRODUCT = YES;
			};
			name = Release;
		};
		309D29DB2CB42202008F9305 /* Debug */ = {
			isa = XCBuildConfiguration;
			buildSettings = {
				BUNDLE_LOADER = "$(TEST_HOST)";
				CODE_SIGN_STYLE = Automatic;
				CURRENT_PROJECT_VERSION = 1;
				DEVELOPMENT_TEAM = RC4K8UN556;
				GENERATE_INFOPLIST_FILE = YES;
				IPHONEOS_DEPLOYMENT_TARGET = 18.0;
				MARKETING_VERSION = 1.0;
				PRODUCT_BUNDLE_IDENTIFIER = com.roman.TimerExampleTests;
				PRODUCT_NAME = "$(TARGET_NAME)";
				SWIFT_EMIT_LOC_STRINGS = NO;
				SWIFT_VERSION = 5.0;
				TARGETED_DEVICE_FAMILY = "1,2";
				TEST_HOST = "$(BUILT_PRODUCTS_DIR)/TimerExample.app/$(BUNDLE_EXECUTABLE_FOLDER_PATH)/TimerExample";
			};
			name = Debug;
		};
		309D29DC2CB42202008F9305 /* Release */ = {
			isa = XCBuildConfiguration;
			buildSettings = {
				BUNDLE_LOADER = "$(TEST_HOST)";
				CODE_SIGN_STYLE = Automatic;
				CURRENT_PROJECT_VERSION = 1;
				DEVELOPMENT_TEAM = RC4K8UN556;
				GENERATE_INFOPLIST_FILE = YES;
				IPHONEOS_DEPLOYMENT_TARGET = 18.0;
				MARKETING_VERSION = 1.0;
				PRODUCT_BUNDLE_IDENTIFIER = com.roman.TimerExampleTests;
				PRODUCT_NAME = "$(TARGET_NAME)";
				SWIFT_EMIT_LOC_STRINGS = NO;
				SWIFT_VERSION = 5.0;
				TARGETED_DEVICE_FAMILY = "1,2";
				TEST_HOST = "$(BUILT_PRODUCTS_DIR)/TimerExample.app/$(BUNDLE_EXECUTABLE_FOLDER_PATH)/TimerExample";
			};
			name = Release;
		};
		309D29DE2CB42202008F9305 /* Debug */ = {
			isa = XCBuildConfiguration;
			buildSettings = {
				CODE_SIGN_STYLE = Automatic;
				CURRENT_PROJECT_VERSION = 1;
				DEVELOPMENT_TEAM = RC4K8UN556;
				GENERATE_INFOPLIST_FILE = YES;
				MARKETING_VERSION = 1.0;
				PRODUCT_BUNDLE_IDENTIFIER = com.roman.TimerExampleUITests;
				PRODUCT_NAME = "$(TARGET_NAME)";
				SWIFT_EMIT_LOC_STRINGS = NO;
				SWIFT_VERSION = 5.0;
				TARGETED_DEVICE_FAMILY = "1,2";
				TEST_TARGET_NAME = TimerExample;
			};
			name = Debug;
		};
		309D29DF2CB42202008F9305 /* Release */ = {
			isa = XCBuildConfiguration;
			buildSettings = {
				CODE_SIGN_STYLE = Automatic;
				CURRENT_PROJECT_VERSION = 1;
				DEVELOPMENT_TEAM = RC4K8UN556;
				GENERATE_INFOPLIST_FILE = YES;
				MARKETING_VERSION = 1.0;
				PRODUCT_BUNDLE_IDENTIFIER = com.roman.TimerExampleUITests;
				PRODUCT_NAME = "$(TARGET_NAME)";
				SWIFT_EMIT_LOC_STRINGS = NO;
				SWIFT_VERSION = 5.0;
				TARGETED_DEVICE_FAMILY = "1,2";
				TEST_TARGET_NAME = TimerExample;
			};
			name = Release;
		};
/* End XCBuildConfiguration section */

/* Begin XCConfigurationList section */
		309D29A72CB42200008F9305 /* Build configuration list for PBXProject "TimerExample" */ = {
			isa = XCConfigurationList;
			buildConfigurations = (
				309D29D82CB42202008F9305 /* Debug */,
				309D29D92CB42202008F9305 /* Release */,
			);
			defaultConfigurationIsVisible = 0;
			defaultConfigurationName = Release;
		};
		309D29D52CB42202008F9305 /* Build configuration list for PBXNativeTarget "TimerExample" */ = {
			isa = XCConfigurationList;
			buildConfigurations = (
				309D29D62CB42202008F9305 /* Debug */,
				309D29D72CB42202008F9305 /* Release */,
			);
			defaultConfigurationIsVisible = 0;
			defaultConfigurationName = Release;
		};
		309D29DA2CB42202008F9305 /* Build configuration list for PBXNativeTarget "TimerExampleTests" */ = {
			isa = XCConfigurationList;
			buildConfigurations = (
				309D29DB2CB42202008F9305 /* Debug */,
				309D29DC2CB42202008F9305 /* Release */,
			);
			defaultConfigurationIsVisible = 0;
			defaultConfigurationName = Release;
		};
		309D29DD2CB42202008F9305 /* Build configuration list for PBXNativeTarget "TimerExampleUITests" */ = {
			isa = XCConfigurationList;
			buildConfigurations = (
				309D29DE2CB42202008F9305 /* Debug */,
				309D29DF2CB42202008F9305 /* Release */,
			);
			defaultConfigurationIsVisible = 0;
			defaultConfigurationName = Release;
		};
/* End XCConfigurationList section */
	};
	rootObject = 309D29A42CB42200008F9305 /* Project object */;
}
